dependencies:
- name: cert-manager
  repository: https://charts.jetstack.io
  version: v1.15.3
- name: kube-prometheus-stack
  repository: https://prometheus-community.github.io/helm-charts
  version: 77.5.0
digest: sha256:81853cbd9feddd288dda85004e1808fb9f27c0cf5ca3614e26645a4af08f213b
generated: "2025-09-07T13:15:55.506994593+07:00"
